
Microsoft Visual Studio Solution File, Format Version 12.00
# Visual Studio 2013
VisualStudioVersion = 12.0.30723.0
MinimumVisualStudioVersion = 10.0.40219.1
Project("{FAE04EC0-301F-11D3-BF4B-00C04F79EFBC}") = "CommonMark.Base", "CommonMark\CommonMark.Base.csproj", "{0FD4B1DD-45A8-4F02-BEB0-5881CD512573}"
EndProject
Project("{FAE04EC0-301F-11D3-BF4B-00C04F79EFBC}") = "CommonMark.Console", "CommonMark.Console\CommonMark.Console.csproj", "{83F44787-27A2-4C18-97E2-497437C8EF75}"
EndProject
Project("{2150E333-8FDC-42A3-9474-1A3956D46DE8}") = "Other", "Other", "{EC5FFA77-658F-4D2F-A5CE-5F1BD44F3FC0}"
	ProjectSection(SolutionItems) = preProject
		CommonMark.NET.nuspec = CommonMark.NET.nuspec
		LICENSE.md = LICENSE.md
		README.md = README.md
		runtests.pl = runtests.pl
		spec.txt = spec.txt
	EndProjectSection
EndProject
Project("{FAE04EC0-301F-11D3-BF4B-00C04F79EFBC}") = "CommonMark.NET20", "CommonMark\CommonMark.NET20.csproj", "{075E7F00-F1C0-49AA-808D-8B15F1A82DDE}"
EndProject
Project("{FAE04EC0-301F-11D3-BF4B-00C04F79EFBC}") = "CommonMark.NET35", "CommonMark\CommonMark.NET35.csproj", "{61829669-5091-4F2A-A0B1-7348D7CED840}"
EndProject
Project("{FAE04EC0-301F-11D3-BF4B-00C04F79EFBC}") = "CommonMark.NET40", "CommonMark\CommonMark.NET40.csproj", "{0176CB03-177C-464A-A155-089595E77520}"
EndProject
Global
	GlobalSection(SolutionConfigurationPlatforms) = preSolution
		Debug|Any CPU = Debug|Any CPU
		Release|Any CPU = Release|Any CPU
	EndGlobalSection
	GlobalSection(ProjectConfigurationPlatforms) = postSolution
		{0FD4B1DD-45A8-4F02-BEB0-5881CD512573}.Debug|Any CPU.ActiveCfg = Debug|Any CPU
		{0FD4B1DD-45A8-4F02-BEB0-5881CD512573}.Debug|Any CPU.Build.0 = Debug|Any CPU
		{0FD4B1DD-45A8-4F02-BEB0-5881CD512573}.Release|Any CPU.ActiveCfg = Release|Any CPU
		{0FD4B1DD-45A8-4F02-BEB0-5881CD512573}.Release|Any CPU.Build.0 = Release|Any CPU
		{83F44787-27A2-4C18-97E2-497437C8EF75}.Debug|Any CPU.ActiveCfg = Debug|Any CPU
		{83F44787-27A2-4C18-97E2-497437C8EF75}.Debug|Any CPU.Build.0 = Debug|Any CPU
		{83F44787-27A2-4C18-97E2-497437C8EF75}.Release|Any CPU.ActiveCfg = Release|Any CPU
		{83F44787-27A2-4C18-97E2-497437C8EF75}.Release|Any CPU.Build.0 = Release|Any CPU
		{075E7F00-F1C0-49AA-808D-8B15F1A82DDE}.Debug|Any CPU.ActiveCfg = Debug|Any CPU
		{075E7F00-F1C0-49AA-808D-8B15F1A82DDE}.Debug|Any CPU.Build.0 = Debug|Any CPU
		{075E7F00-F1C0-49AA-808D-8B15F1A82DDE}.Release|Any CPU.ActiveCfg = Release|Any CPU
		{075E7F00-F1C0-49AA-808D-8B15F1A82DDE}.Release|Any CPU.Build.0 = Release|Any CPU
		{61829669-5091-4F2A-A0B1-7348D7CED840}.Debug|Any CPU.ActiveCfg = Debug|Any CPU
		{61829669-5091-4F2A-A0B1-7348D7CED840}.Debug|Any CPU.Build.0 = Debug|Any CPU
		{61829669-5091-4F2A-A0B1-7348D7CED840}.Release|Any CPU.ActiveCfg = Release|Any CPU
		{61829669-5091-4F2A-A0B1-7348D7CED840}.Release|Any CPU.Build.0 = Release|Any CPU
		{0176CB03-177C-464A-A155-089595E77520}.Debug|Any CPU.ActiveCfg = Debug|Any CPU
		{0176CB03-177C-464A-A155-089595E77520}.Debug|Any CPU.Build.0 = Debug|Any CPU
		{0176CB03-177C-464A-A155-089595E77520}.Release|Any CPU.ActiveCfg = Release|Any CPU
		{0176CB03-177C-464A-A155-089595E77520}.Release|Any CPU.Build.0 = Release|Any CPU
	EndGlobalSection
	GlobalSection(SolutionProperties) = preSolution
		HideSolutionNode = FALSE
	EndGlobalSection
EndGlobal
