
Microsoft Visual Studio Solution File, Format Version 12.00
# Visual Studio 2013
VisualStudioVersion = 12.0.30723.0
MinimumVisualStudioVersion = 10.0.40219.1
Project("{FAE04EC0-301F-11D3-BF4B-00C04F79EFBC}") = "CommonMark", "CommonMark\CommonMark.csproj", "{0FD4B1DD-45A8-4F02-BEB0-5881CD512573}"
EndProject
Project("{FAE04EC0-301F-11D3-BF4B-00C04F79EFBC}") = "CommonMark.Console", "CommonMark.Console\CommonMark.Console.csproj", "{83F44787-27A2-4C18-97E2-497437C8EF75}"
EndProject
Project("{2150E333-8FDC-42A3-9474-1A3956D46DE8}") = "Other", "Other", "{EC5FFA77-658F-4D2F-A5CE-5F1BD44F3FC0}"
	ProjectSection(SolutionItems) = preProject
		runtests.pl = runtests.pl
		spec.txt = spec.txt
	EndProjectSection
EndProject
Global
	GlobalSection(SolutionConfigurationPlatforms) = preSolution
		Debug|Any CPU = Debug|Any CPU
		Release|Any CPU = Release|Any CPU
	EndGlobalSection
	GlobalSection(ProjectConfigurationPlatforms) = postSolution
		{0FD4B1DD-45A8-4F02-BEB0-5881CD512573}.Debug|Any CPU.ActiveCfg = Debug|Any CPU
		{0FD4B1DD-45A8-4F02-BEB0-5881CD512573}.Debug|Any CPU.Build.0 = Debug|Any CPU
		{0FD4B1DD-45A8-4F02-BEB0-5881CD512573}.Release|Any CPU.ActiveCfg = Release|Any CPU
		{0FD4B1DD-45A8-4F02-BEB0-5881CD512573}.Release|Any CPU.Build.0 = Release|Any CPU
		{83F44787-27A2-4C18-97E2-497437C8EF75}.Debug|Any CPU.ActiveCfg = Debug|Any CPU
		{83F44787-27A2-4C18-97E2-497437C8EF75}.Debug|Any CPU.Build.0 = Debug|Any CPU
		{83F44787-27A2-4C18-97E2-497437C8EF75}.Release|Any CPU.ActiveCfg = Release|Any CPU
		{83F44787-27A2-4C18-97E2-497437C8EF75}.Release|Any CPU.Build.0 = Release|Any CPU
	EndGlobalSection
	GlobalSection(SolutionProperties) = preSolution
		HideSolutionNode = FALSE
	EndGlobalSection
EndGlobal
